
Microsoft Visual Studio Solution File, Format Version 12.00
# Visual Studio 15
VisualStudioVersion = 15.0.27428.2011
MinimumVisualStudioVersion = 10.0.40219.1
Project("{FAE04EC0-301F-11D3-BF4B-00C04F79EFBC}") = "PriorityQueues", "PriorityQueues\PriorityQueues.csproj", "{38E937F6-DC62-4CE7-8A4A-810F1FABB5F5}"
EndProject
Project("{FAE04EC0-301F-11D3-BF4B-00C04F79EFBC}") = "BouncingBalls", "BouncingBalls\BouncingBalls.csproj", "{F72F3DC3-E35D-4E09-845D-EA51488C6593}"
EndProject
Global
	GlobalSection(SolutionConfigurationPlatforms) = preSolution
		Debug|Any CPU = Debug|Any CPU
		Release|Any CPU = Release|Any CPU
	EndGlobalSection
	GlobalSection(ProjectConfigurationPlatforms) = postSolution
		{38E937F6-DC62-4CE7-8A4A-810F1FABB5F5}.Debug|Any CPU.ActiveCfg = Debug|Any CPU
		{38E937F6-DC62-4CE7-8A4A-810F1FABB5F5}.Debug|Any CPU.Build.0 = Debug|Any CPU
		{38E937F6-DC62-4CE7-8A4A-810F1FABB5F5}.Release|Any CPU.ActiveCfg = Release|Any CPU
		{38E937F6-DC62-4CE7-8A4A-810F1FABB5F5}.Release|Any CPU.Build.0 = Release|Any CPU
		{F72F3DC3-E35D-4E09-845D-EA51488C6593}.Debug|Any CPU.ActiveCfg = Debug|Any CPU
		{F72F3DC3-E35D-4E09-845D-EA51488C6593}.Debug|Any CPU.Build.0 = Debug|Any CPU
		{F72F3DC3-E35D-4E09-845D-EA51488C6593}.Release|Any CPU.ActiveCfg = Release|Any CPU
		{F72F3DC3-E35D-4E09-845D-EA51488C6593}.Release|Any CPU.Build.0 = Release|Any CPU
	EndGlobalSection
	GlobalSection(SolutionProperties) = preSolution
		HideSolutionNode = FALSE
	EndGlobalSection
	GlobalSection(ExtensibilityGlobals) = postSolution
		SolutionGuid = {EEF73316-39F1-49F3-99AE-C3BA803E9351}
	EndGlobalSection
EndGlobal
